github.com/latif-practice/go-say-hello v1.0.0 h1:Q+Ol4oGdRBpaABX+z5Q0hoE0aAjNmVta9VLOZPOfXBg=
github.com/latif-practice/go-say-hello v1.0.0/go.mod h1:mpbftyVAvw8/UdYQ9HuYDLoB+IjlSWzBrqgHOSHDqME=
github.com/latif-practice/go-say-hello v1.0.1 h1:DpLKeQymLs+xvZH/VjeU19nDHfjI6KsWmWqONBpLhRE=
github.com/latif-practice/go-say-hello v1.0.1/go.mod h1:mpbftyVAvw8/UdYQ9HuYDLoB+IjlSWzBrqgHOSHDqME=
github.com/latif-practice/go-say-hello/v2 v2.0.0 h1:UNeLa8ytyNYZj0chKftMOjjTgLS/1pQhW7Z8OJlp4wk=
github.com/latif-practice/go-say-hello/v2 v2.0.0/go.mod h1:HX8ZKw1zQIapmQBN2z89N/irkBQ9ByCyCPLQK1oO7bg=
